<?xml version="1.0" encoding="utf-8"?>
<Project ToolsVersion="4.0" xmlns="http://schemas.microsoft.com/developer/msbuild/2003">
  <ItemGroup>
    <Filter Include="Source Files">
      <UniqueIdentifier>{4FC737F1-C7A5-4376-A066-2A32D752A2FF}</UniqueIdentifier>
      <Extensions>cpp;c;cc;cxx;c++;cppm;ixx;def;odl;idl;hpj;bat;asm;asmx</Extensions>
    </Filter>
    <Filter Include="Header Files">
      <UniqueIdentifier>{93995380-89BD-4b04-88EB-625FBE52EBFB}</UniqueIdentifier>
      <Extensions>h;hh;hpp;hxx;h++;hm;inl;inc;ipp;xsd</Extensions>
    </Filter>
    <Filter Include="Resource Files">
      <UniqueIdentifier>{67DA6AB6-F800-4c08-8B7A-83BB121AAD01}</UniqueIdentifier>
      <Extensions>rc;ico;cur;bmp;dlg;rc2;rct;bin;rgs;gif;jpg;jpeg;jpe;resx;tiff;tif;png;wav;mfcribbon-ms</Extensions>
    </Filter>
  </ItemGroup>
  <ItemGroup>
    <ClInclude Include="ssiege.h">
      <Filter>Header Files</Filter>
    </ClInclude>
    <ClInclude Include="ssiege_world.h">
      <Filter>Header Files</Filter>
    </ClInclude>
    <ClInclude Include="ssiege_event.h">
      <Filter>Header Files</Filter>
    </ClInclude>
    <ClInclude Include="ssiege_parse.h">
      <Filter>Header Files</Filter>
    </ClInclude>
    <ClInclude Include="ssiege_handle.h">
      <Filter>Header Files</Filter>
    </ClInclude>
    <ClInclude Include="ssiege_world_handle.h">
      <Filter>Header Files</Filter>
    </ClInclude>
    <ClInclude Include="ssiege_server.h">
      <Filter>Header Files</Filter>
    </ClInclude>
    <ClInclude Include="ssiege_client.h">
      <Filter>Header Files</Filter>
    </ClInclude>
    <ClInclude Include="ssiege_event_vehicle.h">
      <Filter>Header Files</Filter>
    </ClInclude>
    <ClInclude Include="ssiege_id.h">
      <Filter>Header Files</Filter>
    </ClInclude>
    <ClInclude Include="ssiege_event_args.h">
      <Filter>Header Files</Filter>
    </ClInclude>
    <ClInclude Include="ssiege_event_animal.h">
      <Filter>Header Files</Filter>
    </ClInclude>
    <ClInclude Include="ssiege_event_world.h">
      <Filter>Header Files</Filter>
    </ClInclude>
    <ClInclude Include="ssiege_event_user.h">
      <Filter>Header Files</Filter>
    </ClInclude>
    <ClInclude Include="ssiege_game.h">
      <Filter>Header Files</Filter>
    </ClInclude>
    <ClInclude Include="ssiege_event_game.h">
      <Filter>Header Files</Filter>
    </ClInclude>
  </ItemGroup>
  <ItemGroup>
    <ClCompile Include="ssiege.cpp">
      <Filter>Source Files</Filter>
    </ClCompile>
    <ClCompile Include="ssiege_world.cpp">
      <Filter>Source Files</Filter>
    </ClCompile>
    <ClCompile Include="ssiege_parse.cpp">
      <Filter>Source Files</Filter>
    </ClCompile>
    <ClCompile Include="ssiege_handle.cpp">
      <Filter>Source Files</Filter>
    </ClCompile>
    <ClCompile Include="ssiege_world_handle.cpp">
      <Filter>Source Files</Filter>
    </ClCompile>
    <ClCompile Include="ssiege_client.cpp">
      <Filter>Source Files</Filter>
    </ClCompile>
    <ClCompile Include="ssiege_server.cpp">
      <Filter>Source Files</Filter>
    </ClCompile>
    <ClCompile Include="ssiege_event_args.cpp">
      <Filter>Source Files</Filter>
    </ClCompile>
  </ItemGroup>
  <ItemGroup>
    <None Include="deploy_data.bat">
      <Filter>Source Files</Filter>
    </None>
  </ItemGroup>
</Project>