<?xml version="1.0" encoding="utf-8"?>
<Project ToolsVersion="4.0" xmlns="http://schemas.microsoft.com/developer/msbuild/2003">
  <ItemGroup>
    <Filter Include="Assets">
      <UniqueIdentifier>a33b48ce-077d-4dd0-85c1-c878769d0d52</UniqueIdentifier>
      <Extensions>bmp;fbx;gif;jpg;jpeg;tga;tiff;tif;png</Extensions>
    </Filter>
    <Image Include="Assets\LockScreenLogo.scale-200.png">
      <Filter>Assets</Filter>
    </Image>
    <Image Include="Assets\SplashScreen.scale-200.png">
      <Filter>Assets</Filter>
    </Image>
    <Image Include="Assets\Square150x150Logo.scale-200.png">
      <Filter>Assets</Filter>
    </Image>
    <Image Include="Assets\Square44x44Logo.scale-200.png">
      <Filter>Assets</Filter>
    </Image>
    <Image Include="Assets\Square44x44Logo.targetsize-24_altform-unplated.png">
      <Filter>Assets</Filter>
    </Image>
    <Image Include="Assets\Wide310x150Logo.scale-200.png">
      <Filter>Assets</Filter>
    </Image>
  </ItemGroup>
  <ItemGroup>
    <ClCompile Include="App.cpp" />
    <ClCompile Include="the_one_uwp.cpp" />
    <ClCompile Include="DeviceResources.cpp" />
    <ClCompile Include="Sample3DSceneRenderer.cpp" />
    <ClCompile Include="gpk_d3d.cpp" />
  </ItemGroup>
  <ItemGroup>
    <ClInclude Include="App.h" />
    <ClInclude Include="the_one_uwp.h" />
    <ClInclude Include="DeviceResources.h" />
    <ClInclude Include="DirectXHelper.h" />
    <ClInclude Include="Sample3DSceneRenderer.h" />
    <ClInclude Include="SampleFpsTextRenderer.h" />
    <ClInclude Include="StepTimer.h" />
    <ClInclude Include="gpk_d3d.h" />
  </ItemGroup>
  <ItemGroup>
    <Image Include="Assets\StoreLogo.png">
      <Filter>Assets</Filter>
    </Image>
  </ItemGroup>
  <ItemGroup>
    <AppxManifest Include="Package.appxmanifest" />
  </ItemGroup>
  <ItemGroup>
    <None Include="ShaderShared.hlsli" />
  </ItemGroup>
  <ItemGroup>
    <FxCompile Include="SamplePixelShader.hlsl" />
    <FxCompile Include="SampleVertexShader.hlsl" />
  </ItemGroup>
</Project>